
Microsoft Visual Studio Solution File, Format Version 12.00
# Visual Studio Version 17
VisualStudioVersion = 17.3.32901.215
MinimumVisualStudioVersion = 10.0.40219.1
Project("{2150E333-8FDC-42A3-9474-1A3956D46DE8}") = "src", "src", "{DEE4E964-DA1C-46F0-A44F-E56524BA02D5}"
EndProject
Project("{2150E333-8FDC-42A3-9474-1A3956D46DE8}") = "corePackages", "corePackages", "{BD8BF6E1-651B-4E6D-B687-EA1FEFC51D74}"
EndProject
Project("{2150E333-8FDC-42A3-9474-1A3956D46DE8}") = "projects", "projects", "{21375A23-0C02-4216-8AE9-16F13026C282}"
EndProject
Project("{2150E333-8FDC-42A3-9474-1A3956D46DE8}") = "kodlama.io.Devs", "kodlama.io.Devs", "{CE599A4D-5C58-409D-817F-85A92949F6D0}"
EndProject
Project("{FAE04EC0-301F-11D3-BF4B-00C04F79EFBC}") = "Core.Application", "src\corePackages\Core.Application\Core.Application.csproj", "{B2ABDEC5-2BE2-44E6-994A-C6F59B1CB744}"
EndProject
Project("{FAE04EC0-301F-11D3-BF4B-00C04F79EFBC}") = "Core.CrossCuttingConcers", "src\corePackages\Core.CrossCuttingConcers\Core.CrossCuttingConcers.csproj", "{9CBC844A-2D0C-45D3-A9EB-7435963F258B}"
EndProject
Project("{FAE04EC0-301F-11D3-BF4B-00C04F79EFBC}") = "Core.ElasticSearch", "src\corePackages\Core.ElasticSearch\Core.ElasticSearch.csproj", "{7CBF9913-A82A-44F2-89EB-B2933D6385D9}"
EndProject
Project("{FAE04EC0-301F-11D3-BF4B-00C04F79EFBC}") = "Core.Mailing", "src\corePackages\Core.Mailing\Core.Mailing.csproj", "{DE8BFF15-B711-4866-9C0F-A8881BD0DFBE}"
EndProject
Project("{FAE04EC0-301F-11D3-BF4B-00C04F79EFBC}") = "Core.Persistence", "src\corePackages\Core.Persistence\Core.Persistence.csproj", "{58C4C239-C7FA-438E-B805-2C0A37F6CEEB}"
EndProject
Project("{FAE04EC0-301F-11D3-BF4B-00C04F79EFBC}") = "Core.Security", "src\corePackages\Core.Security\Core.Security.csproj", "{35D2D277-05FD-43FB-A907-27CB0C20DAFB}"
EndProject
Project("{FAE04EC0-301F-11D3-BF4B-00C04F79EFBC}") = "Application", "src\projects\kodalama.io.Devs\Application\Application.csproj", "{7A57BEC3-E336-4F8A-B7E6-4868A34ADABA}"
EndProject
Project("{FAE04EC0-301F-11D3-BF4B-00C04F79EFBC}") = "Domain", "src\projects\kodalama.io.Devs\Domain\Domain.csproj", "{CD7DE6F8-0399-4017-AC7F-8761F40E98EA}"
EndProject
Project("{FAE04EC0-301F-11D3-BF4B-00C04F79EFBC}") = "Persistence", "src\projects\kodalama.io.Devs\Persistence\Persistence.csproj", "{ADBF5578-6FBE-4048-AACC-2DCA802D1714}"
EndProject
Project("{FAE04EC0-301F-11D3-BF4B-00C04F79EFBC}") = "Infrastructure", "src\projects\kodalama.io.Devs\Infrastructure\Infrastructure.csproj", "{4CD45C29-1540-4C27-803C-22DF2804608B}"
EndProject
Project("{FAE04EC0-301F-11D3-BF4B-00C04F79EFBC}") = "WebAPI", "src\projects\kodalama.io.Devs\WebAPI\WebAPI.csproj", "{8FC4E1A4-91F2-4839-82D6-BE1337D3E604}"
EndProject
Global
	GlobalSection(SolutionConfigurationPlatforms) = preSolution
		Debug|Any CPU = Debug|Any CPU
		Release|Any CPU = Release|Any CPU
	EndGlobalSection
	GlobalSection(ProjectConfigurationPlatforms) = postSolution
		{B2ABDEC5-2BE2-44E6-994A-C6F59B1CB744}.Debug|Any CPU.ActiveCfg = Debug|Any CPU
		{B2ABDEC5-2BE2-44E6-994A-C6F59B1CB744}.Debug|Any CPU.Build.0 = Debug|Any CPU
		{B2ABDEC5-2BE2-44E6-994A-C6F59B1CB744}.Release|Any CPU.ActiveCfg = Release|Any CPU
		{B2ABDEC5-2BE2-44E6-994A-C6F59B1CB744}.Release|Any CPU.Build.0 = Release|Any CPU
		{9CBC844A-2D0C-45D3-A9EB-7435963F258B}.Debug|Any CPU.ActiveCfg = Debug|Any CPU
		{9CBC844A-2D0C-45D3-A9EB-7435963F258B}.Debug|Any CPU.Build.0 = Debug|Any CPU
		{9CBC844A-2D0C-45D3-A9EB-7435963F258B}.Release|Any CPU.ActiveCfg = Release|Any CPU
		{9CBC844A-2D0C-45D3-A9EB-7435963F258B}.Release|Any CPU.Build.0 = Release|Any CPU
		{7CBF9913-A82A-44F2-89EB-B2933D6385D9}.Debug|Any CPU.ActiveCfg = Debug|Any CPU
		{7CBF9913-A82A-44F2-89EB-B2933D6385D9}.Debug|Any CPU.Build.0 = Debug|Any CPU
		{7CBF9913-A82A-44F2-89EB-B2933D6385D9}.Release|Any CPU.ActiveCfg = Release|Any CPU
		{7CBF9913-A82A-44F2-89EB-B2933D6385D9}.Release|Any CPU.Build.0 = Release|Any CPU
		{DE8BFF15-B711-4866-9C0F-A8881BD0DFBE}.Debug|Any CPU.ActiveCfg = Debug|Any CPU
		{DE8BFF15-B711-4866-9C0F-A8881BD0DFBE}.Debug|Any CPU.Build.0 = Debug|Any CPU
		{DE8BFF15-B711-4866-9C0F-A8881BD0DFBE}.Release|Any CPU.ActiveCfg = Release|Any CPU
		{DE8BFF15-B711-4866-9C0F-A8881BD0DFBE}.Release|Any CPU.Build.0 = Release|Any CPU
		{58C4C239-C7FA-438E-B805-2C0A37F6CEEB}.Debug|Any CPU.ActiveCfg = Debug|Any CPU
		{58C4C239-C7FA-438E-B805-2C0A37F6CEEB}.Debug|Any CPU.Build.0 = Debug|Any CPU
		{58C4C239-C7FA-438E-B805-2C0A37F6CEEB}.Release|Any CPU.ActiveCfg = Release|Any CPU
		{58C4C239-C7FA-438E-B805-2C0A37F6CEEB}.Release|Any CPU.Build.0 = Release|Any CPU
		{35D2D277-05FD-43FB-A907-27CB0C20DAFB}.Debug|Any CPU.ActiveCfg = Debug|Any CPU
		{35D2D277-05FD-43FB-A907-27CB0C20DAFB}.Debug|Any CPU.Build.0 = Debug|Any CPU
		{35D2D277-05FD-43FB-A907-27CB0C20DAFB}.Release|Any CPU.ActiveCfg = Release|Any CPU
		{35D2D277-05FD-43FB-A907-27CB0C20DAFB}.Release|Any CPU.Build.0 = Release|Any CPU
		{7A57BEC3-E336-4F8A-B7E6-4868A34ADABA}.Debug|Any CPU.ActiveCfg = Debug|Any CPU
		{7A57BEC3-E336-4F8A-B7E6-4868A34ADABA}.Debug|Any CPU.Build.0 = Debug|Any CPU
		{7A57BEC3-E336-4F8A-B7E6-4868A34ADABA}.Release|Any CPU.ActiveCfg = Release|Any CPU
		{7A57BEC3-E336-4F8A-B7E6-4868A34ADABA}.Release|Any CPU.Build.0 = Release|Any CPU
		{CD7DE6F8-0399-4017-AC7F-8761F40E98EA}.Debug|Any CPU.ActiveCfg = Debug|Any CPU
		{CD7DE6F8-0399-4017-AC7F-8761F40E98EA}.Debug|Any CPU.Build.0 = Debug|Any CPU
		{CD7DE6F8-0399-4017-AC7F-8761F40E98EA}.Release|Any CPU.ActiveCfg = Release|Any CPU
		{CD7DE6F8-0399-4017-AC7F-8761F40E98EA}.Release|Any CPU.Build.0 = Release|Any CPU
		{ADBF5578-6FBE-4048-AACC-2DCA802D1714}.Debug|Any CPU.ActiveCfg = Debug|Any CPU
		{ADBF5578-6FBE-4048-AACC-2DCA802D1714}.Debug|Any CPU.Build.0 = Debug|Any CPU
		{ADBF5578-6FBE-4048-AACC-2DCA802D1714}.Release|Any CPU.ActiveCfg = Release|Any CPU
		{ADBF5578-6FBE-4048-AACC-2DCA802D1714}.Release|Any CPU.Build.0 = Release|Any CPU
		{4CD45C29-1540-4C27-803C-22DF2804608B}.Debug|Any CPU.ActiveCfg = Debug|Any CPU
		{4CD45C29-1540-4C27-803C-22DF2804608B}.Debug|Any CPU.Build.0 = Debug|Any CPU
		{4CD45C29-1540-4C27-803C-22DF2804608B}.Release|Any CPU.ActiveCfg = Release|Any CPU
		{4CD45C29-1540-4C27-803C-22DF2804608B}.Release|Any CPU.Build.0 = Release|Any CPU
		{8FC4E1A4-91F2-4839-82D6-BE1337D3E604}.Debug|Any CPU.ActiveCfg = Debug|Any CPU
		{8FC4E1A4-91F2-4839-82D6-BE1337D3E604}.Debug|Any CPU.Build.0 = Debug|Any CPU
		{8FC4E1A4-91F2-4839-82D6-BE1337D3E604}.Release|Any CPU.ActiveCfg = Release|Any CPU
		{8FC4E1A4-91F2-4839-82D6-BE1337D3E604}.Release|Any CPU.Build.0 = Release|Any CPU
	EndGlobalSection
	GlobalSection(SolutionProperties) = preSolution
		HideSolutionNode = FALSE
	EndGlobalSection
	GlobalSection(NestedProjects) = preSolution
		{BD8BF6E1-651B-4E6D-B687-EA1FEFC51D74} = {DEE4E964-DA1C-46F0-A44F-E56524BA02D5}
		{21375A23-0C02-4216-8AE9-16F13026C282} = {DEE4E964-DA1C-46F0-A44F-E56524BA02D5}
		{CE599A4D-5C58-409D-817F-85A92949F6D0} = {21375A23-0C02-4216-8AE9-16F13026C282}
		{B2ABDEC5-2BE2-44E6-994A-C6F59B1CB744} = {BD8BF6E1-651B-4E6D-B687-EA1FEFC51D74}
		{9CBC844A-2D0C-45D3-A9EB-7435963F258B} = {BD8BF6E1-651B-4E6D-B687-EA1FEFC51D74}
		{7CBF9913-A82A-44F2-89EB-B2933D6385D9} = {BD8BF6E1-651B-4E6D-B687-EA1FEFC51D74}
		{DE8BFF15-B711-4866-9C0F-A8881BD0DFBE} = {BD8BF6E1-651B-4E6D-B687-EA1FEFC51D74}
		{58C4C239-C7FA-438E-B805-2C0A37F6CEEB} = {BD8BF6E1-651B-4E6D-B687-EA1FEFC51D74}
		{35D2D277-05FD-43FB-A907-27CB0C20DAFB} = {BD8BF6E1-651B-4E6D-B687-EA1FEFC51D74}
		{7A57BEC3-E336-4F8A-B7E6-4868A34ADABA} = {CE599A4D-5C58-409D-817F-85A92949F6D0}
		{CD7DE6F8-0399-4017-AC7F-8761F40E98EA} = {CE599A4D-5C58-409D-817F-85A92949F6D0}
		{ADBF5578-6FBE-4048-AACC-2DCA802D1714} = {CE599A4D-5C58-409D-817F-85A92949F6D0}
		{4CD45C29-1540-4C27-803C-22DF2804608B} = {CE599A4D-5C58-409D-817F-85A92949F6D0}
		{8FC4E1A4-91F2-4839-82D6-BE1337D3E604} = {CE599A4D-5C58-409D-817F-85A92949F6D0}
	EndGlobalSection
	GlobalSection(ExtensibilityGlobals) = postSolution
		SolutionGuid = {8EE216B8-024C-450B-83C8-FBEF33D060CE}
	EndGlobalSection
EndGlobal
